{
  "name": "mbcha.github.io",
  "lockfileVersion": 2,
  "requires": true,
  "packages": {
    "": {
      "dependencies": {
        "gsap": "npm:@gsap/member@^3.11.5"
      }
    },
    "node_modules/gsap": {
      "name": "@gsap/member",
      "version": "3.11.5",
      "resolved": "https://npm.greensock.com/@gsap%2fmember/-/member-3.11.5.tgz",
      "integrity": "sha512-tsIqEQXB+KZWLz0XL+j5CXdJcfVqM/f6F/Ks8SS7nQJRtt00Od5LWvoHYHz3auF0fCp1UinzyTV6tUQlxDiqiw==",
      "license": "This package should only be used by individuals/companies with a GreenSock account. See https://greensock.com/club/. Licensing: https://greensock.com/licensing/"
    }
  },
  "dependencies": {
    "gsap": {
      "version": "npm:@gsap/member@3.11.5",
      "resolved": "https://npm.greensock.com/@gsap%2fmember/-/member-3.11.5.tgz",
      "integrity": "sha512-tsIqEQXB+KZWLz0XL+j5CXdJcfVqM/f6F/Ks8SS7nQJRtt00Od5LWvoHYHz3auF0fCp1UinzyTV6tUQlxDiqiw=="
    }
  }
}
